
Microsoft Visual Studio Solution File, Format Version 12.00
# Visual Studio 14
VisualStudioVersion = 14.0.25420.1
MinimumVisualStudioVersion = 10.0.40219.1
Project("{2150E333-8FDC-42A3-9474-1A3956D46DE8}") = "src", "src", "{513B91DA-215C-4EEE-938C-035A451C4C38}"
EndProject
Project("{2150E333-8FDC-42A3-9474-1A3956D46DE8}") = "Solution Items", "Solution Items", "{25379D84-5220-4F11-BFF3-0E453D4488ED}"
	ProjectSection(SolutionItems) = preProject
		global.json = global.json
	EndProjectSection
EndProject
Project("{8BB2217D-0F2D-49D1-97BC-3654ED321F3B}") = "AndriyIdentityServer", "src\AndriyIdentityServer\AndriyIdentityServer.xproj", "{DFBBCD2F-9ADD-45D4-A55E-7720AE0074D7}"
EndProject
Project("{8BB2217D-0F2D-49D1-97BC-3654ED321F3B}") = "AndriyApi", "src\AndriyApi\AndriyApi.xproj", "{548DB3FB-D6A1-480D-BA82-2F0691F2A651}"
EndProject
Project("{8BB2217D-0F2D-49D1-97BC-3654ED321F3B}") = "AndriyClient", "src\AndriyClient\AndriyClient.xproj", "{04F8B7CF-F2F9-41E7-A093-0EDEB46FDA7C}"
EndProject
Project("{8BB2217D-0F2D-49D1-97BC-3654ED321F3B}") = "AndriySite", "src\AndriySite\AndriySite.xproj", "{8382AF8C-3A26-483B-BF5A-076F98C2421E}"
EndProject
Project("{8BB2217D-0F2D-49D1-97BC-3654ED321F3B}") = "IdentityServer4ASPNETIdentity", "src\IdentityServer4ASPNETIdentity\IdentityServer4ASPNETIdentity.xproj", "{8F738724-441B-4825-9BF2-6DA07DD058E3}"
EndProject
Global
	GlobalSection(SolutionConfigurationPlatforms) = preSolution
		Debug|Any CPU = Debug|Any CPU
		Release|Any CPU = Release|Any CPU
	EndGlobalSection
	GlobalSection(ProjectConfigurationPlatforms) = postSolution
		{DFBBCD2F-9ADD-45D4-A55E-7720AE0074D7}.Debug|Any CPU.ActiveCfg = Debug|Any CPU
		{DFBBCD2F-9ADD-45D4-A55E-7720AE0074D7}.Debug|Any CPU.Build.0 = Debug|Any CPU
		{DFBBCD2F-9ADD-45D4-A55E-7720AE0074D7}.Release|Any CPU.ActiveCfg = Release|Any CPU
		{DFBBCD2F-9ADD-45D4-A55E-7720AE0074D7}.Release|Any CPU.Build.0 = Release|Any CPU
		{548DB3FB-D6A1-480D-BA82-2F0691F2A651}.Debug|Any CPU.ActiveCfg = Debug|Any CPU
		{548DB3FB-D6A1-480D-BA82-2F0691F2A651}.Debug|Any CPU.Build.0 = Debug|Any CPU
		{548DB3FB-D6A1-480D-BA82-2F0691F2A651}.Release|Any CPU.ActiveCfg = Release|Any CPU
		{548DB3FB-D6A1-480D-BA82-2F0691F2A651}.Release|Any CPU.Build.0 = Release|Any CPU
		{04F8B7CF-F2F9-41E7-A093-0EDEB46FDA7C}.Debug|Any CPU.ActiveCfg = Debug|Any CPU
		{04F8B7CF-F2F9-41E7-A093-0EDEB46FDA7C}.Debug|Any CPU.Build.0 = Debug|Any CPU
		{04F8B7CF-F2F9-41E7-A093-0EDEB46FDA7C}.Release|Any CPU.ActiveCfg = Release|Any CPU
		{04F8B7CF-F2F9-41E7-A093-0EDEB46FDA7C}.Release|Any CPU.Build.0 = Release|Any CPU
		{8382AF8C-3A26-483B-BF5A-076F98C2421E}.Debug|Any CPU.ActiveCfg = Debug|Any CPU
		{8382AF8C-3A26-483B-BF5A-076F98C2421E}.Debug|Any CPU.Build.0 = Debug|Any CPU
		{8382AF8C-3A26-483B-BF5A-076F98C2421E}.Release|Any CPU.ActiveCfg = Release|Any CPU
		{8382AF8C-3A26-483B-BF5A-076F98C2421E}.Release|Any CPU.Build.0 = Release|Any CPU
		{8F738724-441B-4825-9BF2-6DA07DD058E3}.Debug|Any CPU.ActiveCfg = Debug|Any CPU
		{8F738724-441B-4825-9BF2-6DA07DD058E3}.Debug|Any CPU.Build.0 = Debug|Any CPU
		{8F738724-441B-4825-9BF2-6DA07DD058E3}.Release|Any CPU.ActiveCfg = Release|Any CPU
		{8F738724-441B-4825-9BF2-6DA07DD058E3}.Release|Any CPU.Build.0 = Release|Any CPU
	EndGlobalSection
	GlobalSection(SolutionProperties) = preSolution
		HideSolutionNode = FALSE
	EndGlobalSection
	GlobalSection(NestedProjects) = preSolution
		{DFBBCD2F-9ADD-45D4-A55E-7720AE0074D7} = {513B91DA-215C-4EEE-938C-035A451C4C38}
		{548DB3FB-D6A1-480D-BA82-2F0691F2A651} = {513B91DA-215C-4EEE-938C-035A451C4C38}
		{04F8B7CF-F2F9-41E7-A093-0EDEB46FDA7C} = {513B91DA-215C-4EEE-938C-035A451C4C38}
		{8382AF8C-3A26-483B-BF5A-076F98C2421E} = {513B91DA-215C-4EEE-938C-035A451C4C38}
		{8F738724-441B-4825-9BF2-6DA07DD058E3} = {513B91DA-215C-4EEE-938C-035A451C4C38}
	EndGlobalSection
EndGlobal
